
Microsoft Visual Studio Solution File, Format Version 12.00
# Visual Studio Version 17
VisualStudioVersion = 17.9.34723.18
MinimumVisualStudioVersion = 10.0.40219.1
Project("{FAE04EC0-301F-11D3-BF4B-00C04F79EFBC}") = "ConfigurationLibrary", "..\ConfigurationLibrary\ConfigurationLibrary.csproj", "{AD665892-715F-4CEB-AB4F-D0EC7F07AEA5}"
EndProject
Project("{FAE04EC0-301F-11D3-BF4B-00C04F79EFBC}") = "FrameworkBuilderLibrary", "..\FrameworkBuilderLibrary\FrameworkBuilderLibrary.csproj", "{24FA1582-B00E-4106-84B9-2B98ECEF1D5D}"
EndProject
Global
	GlobalSection(SolutionConfigurationPlatforms) = preSolution
		Debug|Any CPU = Debug|Any CPU
		Release|Any CPU = Release|Any CPU
	EndGlobalSection
	GlobalSection(ProjectConfigurationPlatforms) = postSolution
		{AD665892-715F-4CEB-AB4F-D0EC7F07AEA5}.Debug|Any CPU.ActiveCfg = Debug|Any CPU
		{AD665892-715F-4CEB-AB4F-D0EC7F07AEA5}.Debug|Any CPU.Build.0 = Debug|Any CPU
		{AD665892-715F-4CEB-AB4F-D0EC7F07AEA5}.Release|Any CPU.ActiveCfg = Release|Any CPU
		{AD665892-715F-4CEB-AB4F-D0EC7F07AEA5}.Release|Any CPU.Build.0 = Release|Any CPU
		{24FA1582-B00E-4106-84B9-2B98ECEF1D5D}.Debug|Any CPU.ActiveCfg = Debug|Any CPU
		{24FA1582-B00E-4106-84B9-2B98ECEF1D5D}.Debug|Any CPU.Build.0 = Debug|Any CPU
		{24FA1582-B00E-4106-84B9-2B98ECEF1D5D}.Release|Any CPU.ActiveCfg = Release|Any CPU
		{24FA1582-B00E-4106-84B9-2B98ECEF1D5D}.Release|Any CPU.Build.0 = Release|Any CPU
	EndGlobalSection
	GlobalSection(SolutionProperties) = preSolution
		HideSolutionNode = FALSE
	EndGlobalSection
	GlobalSection(ExtensibilityGlobals) = postSolution
		SolutionGuid = {CADD14C3-E896-4C7A-8AD0-59A69786D58E}
	EndGlobalSection
EndGlobal
