
Microsoft Visual Studio Solution File, Format Version 12.00
# Visual Studio Version 17
VisualStudioVersion = 17.9.34723.18
MinimumVisualStudioVersion = 10.0.40219.1
Project("{FAE04EC0-301F-11D3-BF4B-00C04F79EFBC}") = "ATM-NET_Julio", "ATM-NET_Julio\ATM-NET_Julio.csproj", "{3B3E69F7-A619-4C2D-AF12-CE5CF05102EB}"
EndProject
Global
	GlobalSection(SolutionConfigurationPlatforms) = preSolution
		Debug|Any CPU = Debug|Any CPU
		Release|Any CPU = Release|Any CPU
	EndGlobalSection
	GlobalSection(ProjectConfigurationPlatforms) = postSolution
		{3B3E69F7-A619-4C2D-AF12-CE5CF05102EB}.Debug|Any CPU.ActiveCfg = Debug|Any CPU
		{3B3E69F7-A619-4C2D-AF12-CE5CF05102EB}.Debug|Any CPU.Build.0 = Debug|Any CPU
		{3B3E69F7-A619-4C2D-AF12-CE5CF05102EB}.Release|Any CPU.ActiveCfg = Release|Any CPU
		{3B3E69F7-A619-4C2D-AF12-CE5CF05102EB}.Release|Any CPU.Build.0 = Release|Any CPU
	EndGlobalSection
	GlobalSection(SolutionProperties) = preSolution
		HideSolutionNode = FALSE
	EndGlobalSection
	GlobalSection(ExtensibilityGlobals) = postSolution
		SolutionGuid = {CADD14C3-E896-4C7A-8AD0-59A69786D58E}
	EndGlobalSection
EndGlobal
